
Microsoft Visual Studio Solution File, Format Version 12.00
# Visual Studio 15
VisualStudioVersion = 15.0.27130.2020
MinimumVisualStudioVersion = 10.0.40219.1
Project("{FAE04EC0-301F-11D3-BF4B-00C04F79EFBC}") = "BlackJackConsole", "BlackJackConsole\BlackJackConsole.csproj", "{6C6CAFD7-C036-4700-BDCE-FDA2A2B0B5CE}"
EndProject
Global
	GlobalSection(SolutionConfigurationPlatforms) = preSolution
		Debug|Any CPU = Debug|Any CPU
		Release|Any CPU = Release|Any CPU
	EndGlobalSection
	GlobalSection(ProjectConfigurationPlatforms) = postSolution
		{6C6CAFD7-C036-4700-BDCE-FDA2A2B0B5CE}.Debug|Any CPU.ActiveCfg = Debug|Any CPU
		{6C6CAFD7-C036-4700-BDCE-FDA2A2B0B5CE}.Debug|Any CPU.Build.0 = Debug|Any CPU
		{6C6CAFD7-C036-4700-BDCE-FDA2A2B0B5CE}.Release|Any CPU.ActiveCfg = Release|Any CPU
		{6C6CAFD7-C036-4700-BDCE-FDA2A2B0B5CE}.Release|Any CPU.Build.0 = Release|Any CPU
	EndGlobalSection
	GlobalSection(SolutionProperties) = preSolution
		HideSolutionNode = FALSE
	EndGlobalSection
	GlobalSection(ExtensibilityGlobals) = postSolution
		SolutionGuid = {5116EE60-EA78-4E91-963F-621B2C83DAB4}
	EndGlobalSection
EndGlobal
